
Microsoft Visual Studio Solution File, Format Version 12.00
# Visual Studio 15
VisualStudioVersion = 15.0.27428.2037
MinimumVisualStudioVersion = 10.0.40219.1
Project("{FAE04EC0-301F-11D3-BF4B-00C04F79EFBC}") = "RHTools.Serialization", "RHTools.RHLib\RHTools.Serialization.csproj", "{B98BFD20-36AC-4A37-957A-C80CB5DDE6B0}"
EndProject
Project("{FAE04EC0-301F-11D3-BF4B-00C04F79EFBC}") = "RHTools.Serialization.Test", "RHTools.RHLib.Test\RHTools.Serialization.Test.csproj", "{6DD91CDF-523F-4B3E-B309-35512293BA13}"
EndProject
Global
	GlobalSection(SolutionConfigurationPlatforms) = preSolution
		Debug|Any CPU = Debug|Any CPU
		Release|Any CPU = Release|Any CPU
	EndGlobalSection
	GlobalSection(ProjectConfigurationPlatforms) = postSolution
		{B98BFD20-36AC-4A37-957A-C80CB5DDE6B0}.Debug|Any CPU.ActiveCfg = Debug|Any CPU
		{B98BFD20-36AC-4A37-957A-C80CB5DDE6B0}.Debug|Any CPU.Build.0 = Debug|Any CPU
		{B98BFD20-36AC-4A37-957A-C80CB5DDE6B0}.Release|Any CPU.ActiveCfg = Release|Any CPU
		{B98BFD20-36AC-4A37-957A-C80CB5DDE6B0}.Release|Any CPU.Build.0 = Release|Any CPU
		{6DD91CDF-523F-4B3E-B309-35512293BA13}.Debug|Any CPU.ActiveCfg = Debug|Any CPU
		{6DD91CDF-523F-4B3E-B309-35512293BA13}.Debug|Any CPU.Build.0 = Debug|Any CPU
		{6DD91CDF-523F-4B3E-B309-35512293BA13}.Release|Any CPU.ActiveCfg = Release|Any CPU
		{6DD91CDF-523F-4B3E-B309-35512293BA13}.Release|Any CPU.Build.0 = Release|Any CPU
	EndGlobalSection
	GlobalSection(SolutionProperties) = preSolution
		HideSolutionNode = FALSE
	EndGlobalSection
	GlobalSection(ExtensibilityGlobals) = postSolution
		SolutionGuid = {0782B120-FB99-4F43-B28C-2DBCBDB849B7}
	EndGlobalSection
EndGlobal
